
Microsoft Visual Studio Solution File, Format Version 12.00
# Visual Studio Version 17
VisualStudioVersion = 17.11.35219.272
MinimumVisualStudioVersion = 10.0.40219.1
Project("{FAE04EC0-301F-11D3-BF4B-00C04F79EFBC}") = "Binary Search Tree Generics", "Binary Search Tree Generics.csproj", "{67E8B082-507D-4E23-BA0F-D7EEF7A48921}"
EndProject
Global
	GlobalSection(SolutionConfigurationPlatforms) = preSolution
		Debug|Any CPU = Debug|Any CPU
		Release|Any CPU = Release|Any CPU
	EndGlobalSection
	GlobalSection(ProjectConfigurationPlatforms) = postSolution
		{67E8B082-507D-4E23-BA0F-D7EEF7A48921}.Debug|Any CPU.ActiveCfg = Debug|Any CPU
		{67E8B082-507D-4E23-BA0F-D7EEF7A48921}.Debug|Any CPU.Build.0 = Debug|Any CPU
		{67E8B082-507D-4E23-BA0F-D7EEF7A48921}.Release|Any CPU.ActiveCfg = Release|Any CPU
		{67E8B082-507D-4E23-BA0F-D7EEF7A48921}.Release|Any CPU.Build.0 = Release|Any CPU
	EndGlobalSection
	GlobalSection(SolutionProperties) = preSolution
		HideSolutionNode = FALSE
	EndGlobalSection
	GlobalSection(ExtensibilityGlobals) = postSolution
		SolutionGuid = {29DF4701-2065-4629-B43F-D084F965CFB8}
	EndGlobalSection
EndGlobal
